{
  "name": "@papillonads/components",
  "version": "1.12.0",
  "lockfileVersion": 1,
  "requires": true,
  "dependencies": {
    "@papillonads/css": {
      "version": "1.10.3",
      "resolved": "https://registry.npmjs.org/@papillonads/css/-/css-1.10.3.tgz",
      "integrity": "sha512-LaWXwbEU7Ccr84PS0ZXh0+y4lT6rgNEfr8hsuaP2BH3T3p1IpLZYmDqjefcnRz/T2uQ1bPY8ZrTvrUT0Qh+WGw=="
    },
    "@papillonads/library": {
      "version": "1.11.1",
      "resolved": "https://registry.npmjs.org/@papillonads/library/-/library-1.11.1.tgz",
      "integrity": "sha512-Q2jNfLUCk5ZEhwq2DUOEN+RFP7k8WfRz/fCdzRtKioltJfGnmaY9RzWvX42VvjHQgGPTxxiRyfw3fbad7ITyNA=="
    }
  }
}
