{
  "name": "@papillonads/components",
  "version": "1.3.0",
  "lockfileVersion": 1,
  "requires": true,
  "dependencies": {
    "@papillonads/css": {
      "version": "1.3.0",
      "resolved": "https://registry.npmjs.org/@papillonads/css/-/css-1.3.0.tgz",
      "integrity": "sha512-uj5/CPPH7+8dGftOgKcFSM01ZBleSAHBl4OSxLnrU7Upf5yksO+RWcxg6Ru6vQGzLYOZfxa6ERIq1zY2/OATIA=="
    },
    "@papillonads/library": {
      "version": "1.3.0",
      "resolved": "https://registry.npmjs.org/@papillonads/library/-/library-1.3.0.tgz",
      "integrity": "sha512-puEZsvtR/T+UUuJgDJbP+lZdDd0cpO7ZlJkG4fifSLth5Xc9EwUhPYNxPGRZp0XBz1yk4PlEIus/wvTqbDToFw=="
    }
  }
}
