{
  "name": "@papillonads/components",
  "version": "1.13.2",
  "lockfileVersion": 1,
  "requires": true,
  "dependencies": {
    "@papillonads/css": {
      "version": "1.10.3",
      "resolved": "https://registry.npmjs.org/@papillonads/css/-/css-1.10.3.tgz",
      "integrity": "sha512-LaWXwbEU7Ccr84PS0ZXh0+y4lT6rgNEfr8hsuaP2BH3T3p1IpLZYmDqjefcnRz/T2uQ1bPY8ZrTvrUT0Qh+WGw=="
    },
    "@papillonads/library": {
      "version": "1.13.1",
      "resolved": "https://registry.npmjs.org/@papillonads/library/-/library-1.13.1.tgz",
      "integrity": "sha512-8lT45wGVLRqOr7s1kTabkwlE0y6WnnUVvUXS0Hi3NeA8rrlGQPHD6M6XELVzU/RbaXL5eY+Zt7nITAAeMR4PEA=="
    }
  }
}
